
Microsoft Visual Studio Solution File, Format Version 12.00
# Visual Studio Version 16
VisualStudioVersion = 16.0.30907.101
MinimumVisualStudioVersion = 10.0.40219.1
Project("{FAE04EC0-301F-11D3-BF4B-00C04F79EFBC}") = "MysqlEntities", "MysqlEntities\MysqlEntities.csproj", "{0048EF86-1EA7-4717-BDBF-45506DCC9F1F}"
EndProject
Project("{FAE04EC0-301F-11D3-BF4B-00C04F79EFBC}") = "TestingProject", "TestingProject\TestingProject.csproj", "{5DE78BC4-378A-4054-B557-A18D59CB8465}"
EndProject
Global
	GlobalSection(SolutionConfigurationPlatforms) = preSolution
		Debug|Any CPU = Debug|Any CPU
		Release|Any CPU = Release|Any CPU
	EndGlobalSection
	GlobalSection(ProjectConfigurationPlatforms) = postSolution
		{0048EF86-1EA7-4717-BDBF-45506DCC9F1F}.Debug|Any CPU.ActiveCfg = Debug|Any CPU
		{0048EF86-1EA7-4717-BDBF-45506DCC9F1F}.Debug|Any CPU.Build.0 = Debug|Any CPU
		{0048EF86-1EA7-4717-BDBF-45506DCC9F1F}.Release|Any CPU.ActiveCfg = Release|Any CPU
		{0048EF86-1EA7-4717-BDBF-45506DCC9F1F}.Release|Any CPU.Build.0 = Release|Any CPU
		{5DE78BC4-378A-4054-B557-A18D59CB8465}.Debug|Any CPU.ActiveCfg = Debug|Any CPU
		{5DE78BC4-378A-4054-B557-A18D59CB8465}.Debug|Any CPU.Build.0 = Debug|Any CPU
		{5DE78BC4-378A-4054-B557-A18D59CB8465}.Release|Any CPU.ActiveCfg = Release|Any CPU
		{5DE78BC4-378A-4054-B557-A18D59CB8465}.Release|Any CPU.Build.0 = Release|Any CPU
	EndGlobalSection
	GlobalSection(SolutionProperties) = preSolution
		HideSolutionNode = FALSE
	EndGlobalSection
	GlobalSection(ExtensibilityGlobals) = postSolution
		SolutionGuid = {8085AC76-6379-4A5E-85C7-88E6F38AB364}
	EndGlobalSection
EndGlobal
